
Microsoft Visual Studio Solution File, Format Version 12.00
# Visual Studio 15
VisualStudioVersion = 15.0.27130.2003
MinimumVisualStudioVersion = 10.0.40219.1
Project("{FAE04EC0-301F-11D3-BF4B-00C04F79EFBC}") = "ControleFinanceiro", "ControleFinanceiro\ControleFinanceiro.csproj", "{0DD2778B-8685-4CF6-8701-F3A28A23E5A3}"
EndProject
Global
	GlobalSection(SolutionConfigurationPlatforms) = preSolution
		Debug|Any CPU = Debug|Any CPU
		Release|Any CPU = Release|Any CPU
	EndGlobalSection
	GlobalSection(ProjectConfigurationPlatforms) = postSolution
		{0DD2778B-8685-4CF6-8701-F3A28A23E5A3}.Debug|Any CPU.ActiveCfg = Debug|Any CPU
		{0DD2778B-8685-4CF6-8701-F3A28A23E5A3}.Debug|Any CPU.Build.0 = Debug|Any CPU
		{0DD2778B-8685-4CF6-8701-F3A28A23E5A3}.Release|Any CPU.ActiveCfg = Release|Any CPU
		{0DD2778B-8685-4CF6-8701-F3A28A23E5A3}.Release|Any CPU.Build.0 = Release|Any CPU
	EndGlobalSection
	GlobalSection(SolutionProperties) = preSolution
		HideSolutionNode = FALSE
	EndGlobalSection
	GlobalSection(ExtensibilityGlobals) = postSolution
		SolutionGuid = {7EE44537-CFE9-4A12-AB67-6A54B2C7B8F0}
	EndGlobalSection
EndGlobal
